
Microsoft Visual Studio Solution File, Format Version 12.00
# Visual Studio Version 16
VisualStudioVersion = 16.0.31410.357
MinimumVisualStudioVersion = 10.0.40219.1
Project("{9A19103F-16F7-4668-BE54-9A1E7A4F7556}") = "TestProject_JakapanK", "TestProject_JakapanK.csproj", "{25FCF145-9F5D-43F9-B0E7-B3C30E6E3ADD}"
EndProject
Global
	GlobalSection(SolutionConfigurationPlatforms) = preSolution
		Debug|Any CPU = Debug|Any CPU
		Release|Any CPU = Release|Any CPU
	EndGlobalSection
	GlobalSection(ProjectConfigurationPlatforms) = postSolution
		{25FCF145-9F5D-43F9-B0E7-B3C30E6E3ADD}.Debug|Any CPU.ActiveCfg = Debug|Any CPU
		{25FCF145-9F5D-43F9-B0E7-B3C30E6E3ADD}.Debug|Any CPU.Build.0 = Debug|Any CPU
		{25FCF145-9F5D-43F9-B0E7-B3C30E6E3ADD}.Release|Any CPU.ActiveCfg = Release|Any CPU
		{25FCF145-9F5D-43F9-B0E7-B3C30E6E3ADD}.Release|Any CPU.Build.0 = Release|Any CPU
	EndGlobalSection
	GlobalSection(SolutionProperties) = preSolution
		HideSolutionNode = FALSE
	EndGlobalSection
	GlobalSection(ExtensibilityGlobals) = postSolution
		SolutionGuid = {82D6D387-2453-4123-972D-614FF40A4E4A}
	EndGlobalSection
EndGlobal
